
Microsoft Visual Studio Solution File, Format Version 12.00
# Visual Studio Version 17
VisualStudioVersion = 17.0.31903.59
MinimumVisualStudioVersion = 10.0.40219.1
Project("{FAE04EC0-301F-11D3-BF4B-00C04F79EFBC}") = "WireMockNetExamples", "WireMockNetExamples\WireMockNetExamples.csproj", "{D1008172-AA70-41C3-BEB6-F9956580AE16}"
EndProject
Global
	GlobalSection(SolutionConfigurationPlatforms) = preSolution
		Debug|Any CPU = Debug|Any CPU
		Release|Any CPU = Release|Any CPU
	EndGlobalSection
	GlobalSection(ProjectConfigurationPlatforms) = postSolution
		{D1008172-AA70-41C3-BEB6-F9956580AE16}.Debug|Any CPU.ActiveCfg = Debug|Any CPU
		{D1008172-AA70-41C3-BEB6-F9956580AE16}.Debug|Any CPU.Build.0 = Debug|Any CPU
		{D1008172-AA70-41C3-BEB6-F9956580AE16}.Release|Any CPU.ActiveCfg = Release|Any CPU
		{D1008172-AA70-41C3-BEB6-F9956580AE16}.Release|Any CPU.Build.0 = Release|Any CPU
	EndGlobalSection
	GlobalSection(SolutionProperties) = preSolution
		HideSolutionNode = FALSE
	EndGlobalSection
	GlobalSection(ExtensibilityGlobals) = postSolution
		SolutionGuid = {B39EF4DA-6ADE-4AA8-81D4-6FD1E0C14F86}
	EndGlobalSection
EndGlobal
